
Microsoft Visual Studio Solution File, Format Version 12.00
# Visual Studio Version 16
VisualStudioVersion = 16.0.31702.278
MinimumVisualStudioVersion = 10.0.40219.1
Project("{FAE04EC0-301F-11D3-BF4B-00C04F79EFBC}") = "Desafio_06", "Desafio_06.csproj", "{D92EF206-6C37-45AE-AAFB-40C35CD61156}"
EndProject
Global
	GlobalSection(SolutionConfigurationPlatforms) = preSolution
		Debug|Any CPU = Debug|Any CPU
		Release|Any CPU = Release|Any CPU
	EndGlobalSection
	GlobalSection(ProjectConfigurationPlatforms) = postSolution
		{D92EF206-6C37-45AE-AAFB-40C35CD61156}.Debug|Any CPU.ActiveCfg = Debug|Any CPU
		{D92EF206-6C37-45AE-AAFB-40C35CD61156}.Debug|Any CPU.Build.0 = Debug|Any CPU
		{D92EF206-6C37-45AE-AAFB-40C35CD61156}.Release|Any CPU.ActiveCfg = Release|Any CPU
		{D92EF206-6C37-45AE-AAFB-40C35CD61156}.Release|Any CPU.Build.0 = Release|Any CPU
	EndGlobalSection
	GlobalSection(SolutionProperties) = preSolution
		HideSolutionNode = FALSE
	EndGlobalSection
	GlobalSection(ExtensibilityGlobals) = postSolution
		SolutionGuid = {392EA3DB-001A-449B-BABA-E315D6EA9E1B}
	EndGlobalSection
EndGlobal
